
Microsoft Visual Studio Solution File, Format Version 12.00
# Visual Studio Version 17
VisualStudioVersion = 17.13.35931.197 d17.13
MinimumVisualStudioVersion = 10.0.40219.1
Project("{FAE04EC0-301F-11D3-BF4B-00C04F79EFBC}") = "PRG182 Project", "PRG182 Project\PRG182 Project.csproj", "{C533F03C-1C95-406C-8598-28D668D1FA64}"
EndProject
Global
	GlobalSection(SolutionConfigurationPlatforms) = preSolution
		Debug|Any CPU = Debug|Any CPU
		Release|Any CPU = Release|Any CPU
	EndGlobalSection
	GlobalSection(ProjectConfigurationPlatforms) = postSolution
		{C533F03C-1C95-406C-8598-28D668D1FA64}.Debug|Any CPU.ActiveCfg = Debug|Any CPU
		{C533F03C-1C95-406C-8598-28D668D1FA64}.Debug|Any CPU.Build.0 = Debug|Any CPU
		{C533F03C-1C95-406C-8598-28D668D1FA64}.Release|Any CPU.ActiveCfg = Release|Any CPU
		{C533F03C-1C95-406C-8598-28D668D1FA64}.Release|Any CPU.Build.0 = Release|Any CPU
	EndGlobalSection
	GlobalSection(SolutionProperties) = preSolution
		HideSolutionNode = FALSE
	EndGlobalSection
	GlobalSection(ExtensibilityGlobals) = postSolution
		SolutionGuid = {67D2A3D6-6FA8-4D9C-9C62-09BF548B673C}
	EndGlobalSection
EndGlobal
